
Microsoft Visual Studio Solution File, Format Version 12.00
# Visual Studio Version 17
VisualStudioVersion = 17.4.33403.182
MinimumVisualStudioVersion = 10.0.40219.1
Project("{FAE04EC0-301F-11D3-BF4B-00C04F79EFBC}") = "QLISV", "QLISV\QLISV.csproj", "{984A98D0-C010-44C6-9D77-DCD13F92D9CA}"
EndProject
Global
	GlobalSection(SolutionConfigurationPlatforms) = preSolution
		Debug|Any CPU = Debug|Any CPU
		Release|Any CPU = Release|Any CPU
	EndGlobalSection
	GlobalSection(ProjectConfigurationPlatforms) = postSolution
		{984A98D0-C010-44C6-9D77-DCD13F92D9CA}.Debug|Any CPU.ActiveCfg = Debug|Any CPU
		{984A98D0-C010-44C6-9D77-DCD13F92D9CA}.Debug|Any CPU.Build.0 = Debug|Any CPU
		{984A98D0-C010-44C6-9D77-DCD13F92D9CA}.Release|Any CPU.ActiveCfg = Release|Any CPU
		{984A98D0-C010-44C6-9D77-DCD13F92D9CA}.Release|Any CPU.Build.0 = Release|Any CPU
	EndGlobalSection
	GlobalSection(SolutionProperties) = preSolution
		HideSolutionNode = FALSE
	EndGlobalSection
	GlobalSection(ExtensibilityGlobals) = postSolution
		SolutionGuid = {E045C310-EEF2-4E82-B65F-D6B1DC3E319E}
	EndGlobalSection
EndGlobal
